
Microsoft Visual Studio Solution File, Format Version 12.00
# Visual Studio 15
Project("{FAE04EC0-301F-11D3-BF4B-00C04F79EFBC}") = "Assembly-CSharp", "Assembly-CSharp.csproj", "{38662942-FF02-9948-0D57-91B76EAE7FB3}"
EndProject
Project("{FAE04EC0-301F-11D3-BF4B-00C04F79EFBC}") = "Assembly-CSharp-firstpass", "Assembly-CSharp-firstpass.csproj", "{652249CC-6097-E563-50FC-B542543D8972}"
EndProject
Project("{FAE04EC0-301F-11D3-BF4B-00C04F79EFBC}") = "Assembly-CSharp-Editor-firstpass", "Assembly-CSharp-Editor-firstpass.csproj", "{C03FB7DC-682A-6490-8ADF-8073C9BBB885}"
EndProject
Global
	GlobalSection(SolutionConfigurationPlatforms) = preSolution
		Debug|Any CPU = Debug|Any CPU
		Release|Any CPU = Release|Any CPU
	EndGlobalSection
	GlobalSection(ProjectConfigurationPlatforms) = postSolution
		{38662942-FF02-9948-0D57-91B76EAE7FB3}.Debug|Any CPU.ActiveCfg = Debug|Any CPU
		{38662942-FF02-9948-0D57-91B76EAE7FB3}.Debug|Any CPU.Build.0 = Debug|Any CPU
		{38662942-FF02-9948-0D57-91B76EAE7FB3}.Release|Any CPU.ActiveCfg = Release|Any CPU
		{38662942-FF02-9948-0D57-91B76EAE7FB3}.Release|Any CPU.Build.0 = Release|Any CPU
		{652249CC-6097-E563-50FC-B542543D8972}.Debug|Any CPU.ActiveCfg = Debug|Any CPU
		{652249CC-6097-E563-50FC-B542543D8972}.Debug|Any CPU.Build.0 = Debug|Any CPU
		{652249CC-6097-E563-50FC-B542543D8972}.Release|Any CPU.ActiveCfg = Release|Any CPU
		{652249CC-6097-E563-50FC-B542543D8972}.Release|Any CPU.Build.0 = Release|Any CPU
		{C03FB7DC-682A-6490-8ADF-8073C9BBB885}.Debug|Any CPU.ActiveCfg = Debug|Any CPU
		{C03FB7DC-682A-6490-8ADF-8073C9BBB885}.Debug|Any CPU.Build.0 = Debug|Any CPU
		{C03FB7DC-682A-6490-8ADF-8073C9BBB885}.Release|Any CPU.ActiveCfg = Release|Any CPU
		{C03FB7DC-682A-6490-8ADF-8073C9BBB885}.Release|Any CPU.Build.0 = Release|Any CPU
	EndGlobalSection
	GlobalSection(SolutionProperties) = preSolution
		HideSolutionNode = FALSE
	EndGlobalSection
EndGlobal
